
Microsoft Visual Studio Solution File, Format Version 12.00
# Visual Studio Version 16
VisualStudioVersion = 16.0.31112.23
MinimumVisualStudioVersion = 10.0.40219.1
Project("{FAE04EC0-301F-11D3-BF4B-00C04F79EFBC}") = "NetAppiumMobile1", "NetAppiumMobile1.csproj", "{369908F0-A09C-4463-85EC-3266582EB874}"
EndProject
Global
	GlobalSection(SolutionConfigurationPlatforms) = preSolution
		Debug|Any CPU = Debug|Any CPU
		Release|Any CPU = Release|Any CPU
	EndGlobalSection
	GlobalSection(ProjectConfigurationPlatforms) = postSolution
		{369908F0-A09C-4463-85EC-3266582EB874}.Debug|Any CPU.ActiveCfg = Debug|Any CPU
		{369908F0-A09C-4463-85EC-3266582EB874}.Debug|Any CPU.Build.0 = Debug|Any CPU
		{369908F0-A09C-4463-85EC-3266582EB874}.Release|Any CPU.ActiveCfg = Release|Any CPU
		{369908F0-A09C-4463-85EC-3266582EB874}.Release|Any CPU.Build.0 = Release|Any CPU
	EndGlobalSection
	GlobalSection(SolutionProperties) = preSolution
		HideSolutionNode = FALSE
	EndGlobalSection
	GlobalSection(ExtensibilityGlobals) = postSolution
		SolutionGuid = {4704A318-A3BE-4376-A21A-D258BEDF6F36}
	EndGlobalSection
EndGlobal
